
Microsoft Visual Studio Solution File, Format Version 12.00
# Visual Studio Version 17
VisualStudioVersion = 17.12.35514.174 d17.12
MinimumVisualStudioVersion = 10.0.40219.1
Project("{FAE04EC0-301F-11D3-BF4B-00C04F79EFBC}") = "Convert XLSX to DOCX format", "Convert XLSX to DOCX format.csproj", "{AA79005D-F7B5-433C-A04A-62C4C592744F}"
EndProject
Global
	GlobalSection(SolutionConfigurationPlatforms) = preSolution
		Debug|Any CPU = Debug|Any CPU
		Release|Any CPU = Release|Any CPU
	EndGlobalSection
	GlobalSection(ProjectConfigurationPlatforms) = postSolution
		{AA79005D-F7B5-433C-A04A-62C4C592744F}.Debug|Any CPU.ActiveCfg = Debug|Any CPU
		{AA79005D-F7B5-433C-A04A-62C4C592744F}.Debug|Any CPU.Build.0 = Debug|Any CPU
		{AA79005D-F7B5-433C-A04A-62C4C592744F}.Release|Any CPU.ActiveCfg = Release|Any CPU
		{AA79005D-F7B5-433C-A04A-62C4C592744F}.Release|Any CPU.Build.0 = Release|Any CPU
	EndGlobalSection
	GlobalSection(SolutionProperties) = preSolution
		HideSolutionNode = FALSE
	EndGlobalSection
EndGlobal
