
Microsoft Visual Studio Solution File, Format Version 12.00
# Visual Studio Version 17
VisualStudioVersion = 17.12.35514.174 d17.12
MinimumVisualStudioVersion = 10.0.40219.1
Project("{FAE04EC0-301F-11D3-BF4B-00C04F79EFBC}") = "Convert CSV to DOCX format", "Convert CSV to DOCX format.csproj", "{0180A479-93BD-4604-B664-3AC0BE9BCF43}"
EndProject
Global
	GlobalSection(SolutionConfigurationPlatforms) = preSolution
		Debug|Any CPU = Debug|Any CPU
		Release|Any CPU = Release|Any CPU
	EndGlobalSection
	GlobalSection(ProjectConfigurationPlatforms) = postSolution
		{0180A479-93BD-4604-B664-3AC0BE9BCF43}.Debug|Any CPU.ActiveCfg = Debug|Any CPU
		{0180A479-93BD-4604-B664-3AC0BE9BCF43}.Debug|Any CPU.Build.0 = Debug|Any CPU
		{0180A479-93BD-4604-B664-3AC0BE9BCF43}.Release|Any CPU.ActiveCfg = Release|Any CPU
		{0180A479-93BD-4604-B664-3AC0BE9BCF43}.Release|Any CPU.Build.0 = Release|Any CPU
	EndGlobalSection
	GlobalSection(SolutionProperties) = preSolution
		HideSolutionNode = FALSE
	EndGlobalSection
EndGlobal
