
Microsoft Visual Studio Solution File, Format Version 12.00
# Visual Studio Version 17
VisualStudioVersion = 17.12.35514.174 d17.12
MinimumVisualStudioVersion = 10.0.40219.1
Project("{FAE04EC0-301F-11D3-BF4B-00C04F79EFBC}") = "Create a XLS document", "Create a XLS document.csproj", "{B3E750FF-3B51-4CE2-9446-804BDCD2A235}"
EndProject
Global
	GlobalSection(SolutionConfigurationPlatforms) = preSolution
		Debug|Any CPU = Debug|Any CPU
		Release|Any CPU = Release|Any CPU
	EndGlobalSection
	GlobalSection(ProjectConfigurationPlatforms) = postSolution
		{B3E750FF-3B51-4CE2-9446-804BDCD2A235}.Debug|Any CPU.ActiveCfg = Debug|Any CPU
		{B3E750FF-3B51-4CE2-9446-804BDCD2A235}.Debug|Any CPU.Build.0 = Debug|Any CPU
		{B3E750FF-3B51-4CE2-9446-804BDCD2A235}.Release|Any CPU.ActiveCfg = Release|Any CPU
		{B3E750FF-3B51-4CE2-9446-804BDCD2A235}.Release|Any CPU.Build.0 = Release|Any CPU
	EndGlobalSection
	GlobalSection(SolutionProperties) = preSolution
		HideSolutionNode = FALSE
	EndGlobalSection
EndGlobal
